
Microsoft Visual Studio Solution File, Format Version 12.00
# Visual Studio Version 17
VisualStudioVersion = 17.11.35327.3
MinimumVisualStudioVersion = 10.0.40219.1
Project("{2150E333-8FDC-42A3-9474-1A3956D46DE8}") = "Task0", "Task0", "{BE475D8D-69C6-493E-9BDE-A967368EE39D}"
EndProject
Project("{FAE04EC0-301F-11D3-BF4B-00C04F79EFBC}") = "Tyuiu.RahmonovEU.Sprint0.Task0.V0", "Tyuiu.RahmonovEU.Sprint0.Task0.V0\Tyuiu.RahmonovEU.Sprint0.Task0.V0.csproj", "{2C487C06-F8D7-4F38-BAF9-8FD07D5BF4DD}"
EndProject
Project("{2150E333-8FDC-42A3-9474-1A3956D46DE8}") = "Task1", "Task1", "{02C4600E-ABC6-428B-A4E7-92A215532C37}"
EndProject
Project("{FAE04EC0-301F-11D3-BF4B-00C04F79EFBC}") = "Tyuiu.RahmonovEU.Sprint0.Task1", "Tyuiu.RahmonovEU.Sprint0.Task1\Tyuiu.RahmonovEU.Sprint0.Task1.csproj", "{18F80A71-E9AD-4624-B085-78056F759A15}"
EndProject
Global
	GlobalSection(SolutionConfigurationPlatforms) = preSolution
		Debug|Any CPU = Debug|Any CPU
		Release|Any CPU = Release|Any CPU
	EndGlobalSection
	GlobalSection(ProjectConfigurationPlatforms) = postSolution
		{2C487C06-F8D7-4F38-BAF9-8FD07D5BF4DD}.Debug|Any CPU.ActiveCfg = Debug|Any CPU
		{2C487C06-F8D7-4F38-BAF9-8FD07D5BF4DD}.Debug|Any CPU.Build.0 = Debug|Any CPU
		{2C487C06-F8D7-4F38-BAF9-8FD07D5BF4DD}.Release|Any CPU.ActiveCfg = Release|Any CPU
		{2C487C06-F8D7-4F38-BAF9-8FD07D5BF4DD}.Release|Any CPU.Build.0 = Release|Any CPU
		{18F80A71-E9AD-4624-B085-78056F759A15}.Debug|Any CPU.ActiveCfg = Debug|Any CPU
		{18F80A71-E9AD-4624-B085-78056F759A15}.Debug|Any CPU.Build.0 = Debug|Any CPU
		{18F80A71-E9AD-4624-B085-78056F759A15}.Release|Any CPU.ActiveCfg = Release|Any CPU
		{18F80A71-E9AD-4624-B085-78056F759A15}.Release|Any CPU.Build.0 = Release|Any CPU
	EndGlobalSection
	GlobalSection(SolutionProperties) = preSolution
		HideSolutionNode = FALSE
	EndGlobalSection
	GlobalSection(NestedProjects) = preSolution
		{2C487C06-F8D7-4F38-BAF9-8FD07D5BF4DD} = {BE475D8D-69C6-493E-9BDE-A967368EE39D}
		{18F80A71-E9AD-4624-B085-78056F759A15} = {02C4600E-ABC6-428B-A4E7-92A215532C37}
	EndGlobalSection
	GlobalSection(ExtensibilityGlobals) = postSolution
		SolutionGuid = {63E13A4E-732C-4D70-97B1-785460304909}
	EndGlobalSection
EndGlobal
